
Microsoft Visual Studio Solution File, Format Version 12.00
# Visual Studio Version 17
VisualStudioVersion = 17.4.33122.133
MinimumVisualStudioVersion = 10.0.40219.1
Project("{9A19103F-16F7-4668-BE54-9A1E7A4F7556}") = "mpp-csharp-client-server", "mpp-csharp-client-server\mpp-csharp-client-server.csproj", "{4641DC10-F47F-4597-A7E6-2F93A96C2B4F}"
EndProject
Project("{9A19103F-16F7-4668-BE54-9A1E7A4F7556}") = "Agency", "Agency\Agency.csproj", "{472ECA3F-51E3-4BE4-BCCB-7ABD8D789952}"
EndProject
Project("{9A19103F-16F7-4668-BE54-9A1E7A4F7556}") = "ConnectionUtils", "ConnectionUtils\ConnectionUtils.csproj", "{218F4E62-9258-4D28-9F19-E1D66FF38255}"
EndProject
Project("{9A19103F-16F7-4668-BE54-9A1E7A4F7556}") = "ClientUI", "ClientUI\ClientUI.csproj", "{C1F2AF5B-5A5A-4C85-B199-B17BE09C7F4F}"
EndProject
Project("{9A19103F-16F7-4668-BE54-9A1E7A4F7556}") = "Model", "Model\Model.csproj", "{5AFAA416-3F54-43B2-9E42-4677A797F207}"
EndProject
Project("{FAE04EC0-301F-11D3-BF4B-00C04F79EFBC}") = "Server", "Server\Server.csproj", "{788DEE0B-EB03-469A-9DC9-AB0CC0758C25}"
EndProject
Project("{FAE04EC0-301F-11D3-BF4B-00C04F79EFBC}") = "Networking", "Networking\Networking.csproj", "{D6DA9EDC-4371-486B-A56F-4C6EC94E703A}"
EndProject
Global
	GlobalSection(SolutionConfigurationPlatforms) = preSolution
		Debug|Any CPU = Debug|Any CPU
		Release|Any CPU = Release|Any CPU
	EndGlobalSection
	GlobalSection(ProjectConfigurationPlatforms) = postSolution
		{4641DC10-F47F-4597-A7E6-2F93A96C2B4F}.Debug|Any CPU.ActiveCfg = Debug|Any CPU
		{4641DC10-F47F-4597-A7E6-2F93A96C2B4F}.Debug|Any CPU.Build.0 = Debug|Any CPU
		{4641DC10-F47F-4597-A7E6-2F93A96C2B4F}.Release|Any CPU.ActiveCfg = Release|Any CPU
		{4641DC10-F47F-4597-A7E6-2F93A96C2B4F}.Release|Any CPU.Build.0 = Release|Any CPU
		{472ECA3F-51E3-4BE4-BCCB-7ABD8D789952}.Debug|Any CPU.ActiveCfg = Debug|Any CPU
		{472ECA3F-51E3-4BE4-BCCB-7ABD8D789952}.Debug|Any CPU.Build.0 = Debug|Any CPU
		{472ECA3F-51E3-4BE4-BCCB-7ABD8D789952}.Release|Any CPU.ActiveCfg = Release|Any CPU
		{472ECA3F-51E3-4BE4-BCCB-7ABD8D789952}.Release|Any CPU.Build.0 = Release|Any CPU
		{218F4E62-9258-4D28-9F19-E1D66FF38255}.Debug|Any CPU.ActiveCfg = Debug|Any CPU
		{218F4E62-9258-4D28-9F19-E1D66FF38255}.Debug|Any CPU.Build.0 = Debug|Any CPU
		{218F4E62-9258-4D28-9F19-E1D66FF38255}.Release|Any CPU.ActiveCfg = Release|Any CPU
		{218F4E62-9258-4D28-9F19-E1D66FF38255}.Release|Any CPU.Build.0 = Release|Any CPU
		{C1F2AF5B-5A5A-4C85-B199-B17BE09C7F4F}.Debug|Any CPU.ActiveCfg = Debug|Any CPU
		{C1F2AF5B-5A5A-4C85-B199-B17BE09C7F4F}.Debug|Any CPU.Build.0 = Debug|Any CPU
		{C1F2AF5B-5A5A-4C85-B199-B17BE09C7F4F}.Release|Any CPU.ActiveCfg = Release|Any CPU
		{C1F2AF5B-5A5A-4C85-B199-B17BE09C7F4F}.Release|Any CPU.Build.0 = Release|Any CPU
		{5AFAA416-3F54-43B2-9E42-4677A797F207}.Debug|Any CPU.ActiveCfg = Debug|Any CPU
		{5AFAA416-3F54-43B2-9E42-4677A797F207}.Debug|Any CPU.Build.0 = Debug|Any CPU
		{5AFAA416-3F54-43B2-9E42-4677A797F207}.Release|Any CPU.ActiveCfg = Release|Any CPU
		{5AFAA416-3F54-43B2-9E42-4677A797F207}.Release|Any CPU.Build.0 = Release|Any CPU
		{788DEE0B-EB03-469A-9DC9-AB0CC0758C25}.Debug|Any CPU.ActiveCfg = Debug|Any CPU
		{788DEE0B-EB03-469A-9DC9-AB0CC0758C25}.Debug|Any CPU.Build.0 = Debug|Any CPU
		{788DEE0B-EB03-469A-9DC9-AB0CC0758C25}.Release|Any CPU.ActiveCfg = Release|Any CPU
		{788DEE0B-EB03-469A-9DC9-AB0CC0758C25}.Release|Any CPU.Build.0 = Release|Any CPU
		{D6DA9EDC-4371-486B-A56F-4C6EC94E703A}.Debug|Any CPU.ActiveCfg = Debug|Any CPU
		{D6DA9EDC-4371-486B-A56F-4C6EC94E703A}.Debug|Any CPU.Build.0 = Debug|Any CPU
		{D6DA9EDC-4371-486B-A56F-4C6EC94E703A}.Release|Any CPU.ActiveCfg = Release|Any CPU
		{D6DA9EDC-4371-486B-A56F-4C6EC94E703A}.Release|Any CPU.Build.0 = Release|Any CPU
	EndGlobalSection
	GlobalSection(SolutionProperties) = preSolution
		HideSolutionNode = FALSE
	EndGlobalSection
	GlobalSection(ExtensibilityGlobals) = postSolution
		SolutionGuid = {22874DB3-B2BB-432D-A3D8-AFFFE07C2DB3}
	EndGlobalSection
EndGlobal
